// !$*UTF8*$!
{
	archiveVersion = 1;
	classes = {
	};
	objectVersion = 56;
	objects = {

/* Begin PBXBuildFile section */
		5F33158A29B684F10010E2FD /* MapBalloon.swift in Sources */ = {isa = PBXBuildFile; fileRef = 5F33158929B684F10010E2FD /* MapBalloon.swift */; };
		5F33158C29B6887E0010E2FD /* DDGMapAnnotation.swift in Sources */ = {isa = PBXBuildFile; fileRef = 5F33158B29B6887E0010E2FD /* DDGMapAnnotation.swift */; };
		5F33158F29B68C4F0010E2FD /* AppTabViewModel.swift in Sources */ = {isa = PBXBuildFile; fileRef = 5F33158E29B68C4F0010E2FD /* AppTabViewModel.swift */; };
		5F7F123D29B493B800A5F96D /* OnBoardingView.swift in Sources */ = {isa = PBXBuildFile; fileRef = 5F7F123C29B493B800A5F96D /* OnBoardingView.swift */; };
		5F7F123F29B493F000A5F96D /* LogoView.swift in Sources */ = {isa = PBXBuildFile; fileRef = 5F7F123E29B493F000A5F96D /* LogoView.swift */; };
		5F7F124229B4977200A5F96D /* XDismissButton.swift in Sources */ = {isa = PBXBuildFile; fileRef = 5F7F124129B4977200A5F96D /* XDismissButton.swift */; };
		5F7F124529B49E4E00A5F96D /* PhotoPicker.swift in Sources */ = {isa = PBXBuildFile; fileRef = 5F7F124429B49E4E00A5F96D /* PhotoPicker.swift */; };
		5F7F124729B4A7F800A5F96D /* UIImage+Ext.swift in Sources */ = {isa = PBXBuildFile; fileRef = 5F7F124629B4A7F800A5F96D /* UIImage+Ext.swift */; };
		5FA891D729B5CA01002AD861 /* LocationListViewModel.swift in Sources */ = {isa = PBXBuildFile; fileRef = 5FA891D629B5CA01002AD861 /* LocationListViewModel.swift */; };
		5FBA3DFE29B539F7007DE037 /* ProfileViewModel.swift in Sources */ = {isa = PBXBuildFile; fileRef = 5FBA3DFD29B539F7007DE037 /* ProfileViewModel.swift */; };
		5FBA3E0029B54A21007DE037 /* LoadingView.swift in Sources */ = {isa = PBXBuildFile; fileRef = 5FBA3DFF29B54A21007DE037 /* LoadingView.swift */; };
		5FBA3E0329B55AB7007DE037 /* LocationDetailViewModel.swift in Sources */ = {isa = PBXBuildFile; fileRef = 5FBA3E0229B55AB7007DE037 /* LocationDetailViewModel.swift */; };
		5FBA3E0529B56043007DE037 /* ProfileModalView.swift in Sources */ = {isa = PBXBuildFile; fileRef = 5FBA3E0429B56043007DE037 /* ProfileModalView.swift */; };
		5FEBF5CC29B3D44A007E4513 /* DubDubGrubApp.swift in Sources */ = {isa = PBXBuildFile; fileRef = 5FEBF5CB29B3D44A007E4513 /* DubDubGrubApp.swift */; };
		5FEBF5D029B3D44B007E4513 /* Assets.xcassets in Resources */ = {isa = PBXBuildFile; fileRef = 5FEBF5CF29B3D44B007E4513 /* Assets.xcassets */; };
		5FEBF5D329B3D44B007E4513 /* Preview Assets.xcassets in Resources */ = {isa = PBXBuildFile; fileRef = 5FEBF5D229B3D44B007E4513 /* Preview Assets.xcassets */; };
		5FEBF5DD29B3D44B007E4513 /* DubDubGrubTests.swift in Sources */ = {isa = PBXBuildFile; fileRef = 5FEBF5DC29B3D44B007E4513 /* DubDubGrubTests.swift */; };
		5FEBF5E729B3D44B007E4513 /* DubDubGrubUITests.swift in Sources */ = {isa = PBXBuildFile; fileRef = 5FEBF5E629B3D44B007E4513 /* DubDubGrubUITests.swift */; };
		5FEBF5E929B3D44B007E4513 /* DubDubGrubUITestsLaunchTests.swift in Sources */ = {isa = PBXBuildFile; fileRef = 5FEBF5E829B3D44B007E4513 /* DubDubGrubUITestsLaunchTests.swift */; };
		5FEBF5F729B3D610007E4513 /* Color+Ext.swift in Sources */ = {isa = PBXBuildFile; fileRef = 5FEBF5F629B3D610007E4513 /* Color+Ext.swift */; };
		5FEBF5F929B3D667007E4513 /* AppTabView.swift in Sources */ = {isa = PBXBuildFile; fileRef = 5FEBF5F829B3D667007E4513 /* AppTabView.swift */; };
		5FEBF5FB29B3D6AF007E4513 /* LocationMapView.swift in Sources */ = {isa = PBXBuildFile; fileRef = 5FEBF5FA29B3D6AF007E4513 /* LocationMapView.swift */; };
		5FEBF5FD29B3D6CD007E4513 /* LocationListView.swift in Sources */ = {isa = PBXBuildFile; fileRef = 5FEBF5FC29B3D6CD007E4513 /* LocationListView.swift */; };
		5FEBF5FF29B3D6DA007E4513 /* ProfileView.swift in Sources */ = {isa = PBXBuildFile; fileRef = 5FEBF5FE29B3D6DA007E4513 /* ProfileView.swift */; };
		5FEBF60129B3DDAD007E4513 /* LocationDetailView.swift in Sources */ = {isa = PBXBuildFile; fileRef = 5FEBF60029B3DDAD007E4513 /* LocationDetailView.swift */; };
		5FEBF60429B3F63D007E4513 /* LocationCell.swift in Sources */ = {isa = PBXBuildFile; fileRef = 5FEBF60329B3F63D007E4513 /* LocationCell.swift */; };
		5FEBF60629B3F669007E4513 /* AvatarView.swift in Sources */ = {isa = PBXBuildFile; fileRef = 5FEBF60529B3F669007E4513 /* AvatarView.swift */; };
		5FEBF60829B3FC8B007E4513 /* CustomModifiers.swift in Sources */ = {isa = PBXBuildFile; fileRef = 5FEBF60729B3FC8B007E4513 /* CustomModifiers.swift */; };
		5FEBF60A29B3FCB2007E4513 /* View+Ext.swift in Sources */ = {isa = PBXBuildFile; fileRef = 5FEBF60929B3FCB2007E4513 /* View+Ext.swift */; };
		5FEBF60C29B3FD7A007E4513 /* DDGButton.swift in Sources */ = {isa = PBXBuildFile; fileRef = 5FEBF60B29B3FD7A007E4513 /* DDGButton.swift */; };
		5FEBF61529B428E5007E4513 /* DDGLocation.swift in Sources */ = {isa = PBXBuildFile; fileRef = 5FEBF61429B428E5007E4513 /* DDGLocation.swift */; };
		5FEBF61729B42CA0007E4513 /* DDGProfile.swift in Sources */ = {isa = PBXBuildFile; fileRef = 5FEBF61629B42CA0007E4513 /* DDGProfile.swift */; };
		5FEBF61929B42E43007E4513 /* MockData.swift in Sources */ = {isa = PBXBuildFile; fileRef = 5FEBF61829B42E43007E4513 /* MockData.swift */; };
		5FEBF61C29B431E6007E4513 /* DDGCloudKitManager.swift in Sources */ = {isa = PBXBuildFile; fileRef = 5FEBF61B29B431E6007E4513 /* DDGCloudKitManager.swift */; };
		5FEBF61F29B43379007E4513 /* Constants.swift in Sources */ = {isa = PBXBuildFile; fileRef = 5FEBF61E29B43379007E4513 /* Constants.swift */; };
		5FEBF62129B43704007E4513 /* CKRecord+Ext.swift in Sources */ = {isa = PBXBuildFile; fileRef = 5FEBF62029B43704007E4513 /* CKRecord+Ext.swift */; };
		5FEBF62329B437D5007E4513 /* AlertItem.swift in Sources */ = {isa = PBXBuildFile; fileRef = 5FEBF62229B437D5007E4513 /* AlertItem.swift */; };
		5FEBF62629B44618007E4513 /* LocationMapViewModel.swift in Sources */ = {isa = PBXBuildFile; fileRef = 5FEBF62529B44618007E4513 /* LocationMapViewModel.swift */; };
		5FEBF62829B44CEA007E4513 /* DDGLocationManager.swift in Sources */ = {isa = PBXBuildFile; fileRef = 5FEBF62729B44CEA007E4513 /* DDGLocationManager.swift */; };
		5FEBF62A29B485A8007E4513 /* CKAsset+Ext.swift in Sources */ = {isa = PBXBuildFile; fileRef = 5FEBF62929B485A8007E4513 /* CKAsset+Ext.swift */; };
/* End PBXBuildFile section */

/* Begin PBXContainerItemProxy section */
		5FEBF5D929B3D44B007E4513 /* PBXContainerItemProxy */ = {
			isa = PBXContainerItemProxy;
			containerPortal = 5FEBF5C029B3D44A007E4513 /* Project object */;
			proxyType = 1;
			remoteGlobalIDString = 5FEBF5C729B3D44A007E4513;
			remoteInfo = DubDubGrub;
		};
		5FEBF5E329B3D44B007E4513 /* PBXContainerItemProxy */ = {
			isa = PBXContainerItemProxy;
			containerPortal = 5FEBF5C029B3D44A007E4513 /* Project object */;
			proxyType = 1;
			remoteGlobalIDString = 5FEBF5C729B3D44A007E4513;
			remoteInfo = DubDubGrub;
		};
/* End PBXContainerItemProxy section */

/* Begin PBXFileReference section */
		5F33158929B684F10010E2FD /* MapBalloon.swift */ = {isa = PBXFileReference; lastKnownFileType = sourcecode.swift; path = MapBalloon.swift; sourceTree = "<group>"; };
		5F33158B29B6887E0010E2FD /* DDGMapAnnotation.swift */ = {isa = PBXFileReference; lastKnownFileType = sourcecode.swift; path = DDGMapAnnotation.swift; sourceTree = "<group>"; };
		5F33158E29B68C4F0010E2FD /* AppTabViewModel.swift */ = {isa = PBXFileReference; lastKnownFileType = sourcecode.swift; path = AppTabViewModel.swift; sourceTree = "<group>"; };
		5F7F123C29B493B800A5F96D /* OnBoardingView.swift */ = {isa = PBXFileReference; lastKnownFileType = sourcecode.swift; path = OnBoardingView.swift; sourceTree = "<group>"; };
		5F7F123E29B493F000A5F96D /* LogoView.swift */ = {isa = PBXFileReference; lastKnownFileType = sourcecode.swift; path = LogoView.swift; sourceTree = "<group>"; };
		5F7F124129B4977200A5F96D /* XDismissButton.swift */ = {isa = PBXFileReference; lastKnownFileType = sourcecode.swift; path = XDismissButton.swift; sourceTree = "<group>"; };
		5F7F124429B49E4E00A5F96D /* PhotoPicker.swift */ = {isa = PBXFileReference; lastKnownFileType = sourcecode.swift; path = PhotoPicker.swift; sourceTree = "<group>"; };
		5F7F124629B4A7F800A5F96D /* UIImage+Ext.swift */ = {isa = PBXFileReference; lastKnownFileType = sourcecode.swift; path = "UIImage+Ext.swift"; sourceTree = "<group>"; };
		5FA891D629B5CA01002AD861 /* LocationListViewModel.swift */ = {isa = PBXFileReference; lastKnownFileType = sourcecode.swift; path = LocationListViewModel.swift; sourceTree = "<group>"; };
		5FBA3DFD29B539F7007DE037 /* ProfileViewModel.swift */ = {isa = PBXFileReference; lastKnownFileType = sourcecode.swift; path = ProfileViewModel.swift; sourceTree = "<group>"; };
		5FBA3DFF29B54A21007DE037 /* LoadingView.swift */ = {isa = PBXFileReference; lastKnownFileType = sourcecode.swift; path = LoadingView.swift; sourceTree = "<group>"; };
		5FBA3E0229B55AB7007DE037 /* LocationDetailViewModel.swift */ = {isa = PBXFileReference; lastKnownFileType = sourcecode.swift; path = LocationDetailViewModel.swift; sourceTree = "<group>"; };
		5FBA3E0429B56043007DE037 /* ProfileModalView.swift */ = {isa = PBXFileReference; lastKnownFileType = sourcecode.swift; path = ProfileModalView.swift; sourceTree = "<group>"; };
		5FEBF5C829B3D44A007E4513 /* DubDubGrub.app */ = {isa = PBXFileReference; explicitFileType = wrapper.application; includeInIndex = 0; path = DubDubGrub.app; sourceTree = BUILT_PRODUCTS_DIR; };
		5FEBF5CB29B3D44A007E4513 /* DubDubGrubApp.swift */ = {isa = PBXFileReference; lastKnownFileType = sourcecode.swift; path = DubDubGrubApp.swift; sourceTree = "<group>"; };
		5FEBF5CF29B3D44B007E4513 /* Assets.xcassets */ = {isa = PBXFileReference; lastKnownFileType = folder.assetcatalog; path = Assets.xcassets; sourceTree = "<group>"; };
		5FEBF5D229B3D44B007E4513 /* Preview Assets.xcassets */ = {isa = PBXFileReference; lastKnownFileType = folder.assetcatalog; path = "Preview Assets.xcassets"; sourceTree = "<group>"; };
		5FEBF5D829B3D44B007E4513 /* DubDubGrubTests.xctest */ = {isa = PBXFileReference; explicitFileType = wrapper.cfbundle; includeInIndex = 0; path = DubDubGrubTests.xctest; sourceTree = BUILT_PRODUCTS_DIR; };
		5FEBF5DC29B3D44B007E4513 /* DubDubGrubTests.swift */ = {isa = PBXFileReference; lastKnownFileType = sourcecode.swift; path = DubDubGrubTests.swift; sourceTree = "<group>"; };
		5FEBF5E229B3D44B007E4513 /* DubDubGrubUITests.xctest */ = {isa = PBXFileReference; explicitFileType = wrapper.cfbundle; includeInIndex = 0; path = DubDubGrubUITests.xctest; sourceTree = BUILT_PRODUCTS_DIR; };
		5FEBF5E629B3D44B007E4513 /* DubDubGrubUITests.swift */ = {isa = PBXFileReference; lastKnownFileType = sourcecode.swift; path = DubDubGrubUITests.swift; sourceTree = "<group>"; };
		5FEBF5E829B3D44B007E4513 /* DubDubGrubUITestsLaunchTests.swift */ = {isa = PBXFileReference; lastKnownFileType = sourcecode.swift; path = DubDubGrubUITestsLaunchTests.swift; sourceTree = "<group>"; };
		5FEBF5F529B3D4B8007E4513 /* DubDubGrub.entitlements */ = {isa = PBXFileReference; lastKnownFileType = text.plist.entitlements; path = DubDubGrub.entitlements; sourceTree = "<group>"; };
		5FEBF5F629B3D610007E4513 /* Color+Ext.swift */ = {isa = PBXFileReference; lastKnownFileType = sourcecode.swift; path = "Color+Ext.swift"; sourceTree = "<group>"; };
		5FEBF5F829B3D667007E4513 /* AppTabView.swift */ = {isa = PBXFileReference; lastKnownFileType = sourcecode.swift; path = AppTabView.swift; sourceTree = "<group>"; };
		5FEBF5FA29B3D6AF007E4513 /* LocationMapView.swift */ = {isa = PBXFileReference; lastKnownFileType = sourcecode.swift; path = LocationMapView.swift; sourceTree = "<group>"; };
		5FEBF5FC29B3D6CD007E4513 /* LocationListView.swift */ = {isa = PBXFileReference; lastKnownFileType = sourcecode.swift; path = LocationListView.swift; sourceTree = "<group>"; };
		5FEBF5FE29B3D6DA007E4513 /* ProfileView.swift */ = {isa = PBXFileReference; lastKnownFileType = sourcecode.swift; path = ProfileView.swift; sourceTree = "<group>"; };
		5FEBF60029B3DDAD007E4513 /* LocationDetailView.swift */ = {isa = PBXFileReference; lastKnownFileType = sourcecode.swift; path = LocationDetailView.swift; sourceTree = "<group>"; };
		5FEBF60229B3DF48007E4513 /* Info.plist */ = {isa = PBXFileReference; lastKnownFileType = text.plist.xml; path = Info.plist; sourceTree = "<group>"; };
		5FEBF60329B3F63D007E4513 /* LocationCell.swift */ = {isa = PBXFileReference; lastKnownFileType = sourcecode.swift; path = LocationCell.swift; sourceTree = "<group>"; };
		5FEBF60529B3F669007E4513 /* AvatarView.swift */ = {isa = PBXFileReference; lastKnownFileType = sourcecode.swift; path = AvatarView.swift; sourceTree = "<group>"; };
		5FEBF60729B3FC8B007E4513 /* CustomModifiers.swift */ = {isa = PBXFileReference; lastKnownFileType = sourcecode.swift; path = CustomModifiers.swift; sourceTree = "<group>"; };
		5FEBF60929B3FCB2007E4513 /* View+Ext.swift */ = {isa = PBXFileReference; lastKnownFileType = sourcecode.swift; path = "View+Ext.swift"; sourceTree = "<group>"; };
		5FEBF60B29B3FD7A007E4513 /* DDGButton.swift */ = {isa = PBXFileReference; lastKnownFileType = sourcecode.swift; path = DDGButton.swift; sourceTree = "<group>"; };
		5FEBF61429B428E5007E4513 /* DDGLocation.swift */ = {isa = PBXFileReference; lastKnownFileType = sourcecode.swift; path = DDGLocation.swift; sourceTree = "<group>"; };
		5FEBF61629B42CA0007E4513 /* DDGProfile.swift */ = {isa = PBXFileReference; lastKnownFileType = sourcecode.swift; path = DDGProfile.swift; sourceTree = "<group>"; };
		5FEBF61829B42E43007E4513 /* MockData.swift */ = {isa = PBXFileReference; lastKnownFileType = sourcecode.swift; path = MockData.swift; sourceTree = "<group>"; };
		5FEBF61B29B431E6007E4513 /* DDGCloudKitManager.swift */ = {isa = PBXFileReference; lastKnownFileType = sourcecode.swift; path = DDGCloudKitManager.swift; sourceTree = "<group>"; };
		5FEBF61E29B43379007E4513 /* Constants.swift */ = {isa = PBXFileReference; lastKnownFileType = sourcecode.swift; path = Constants.swift; sourceTree = "<group>"; };
		5FEBF62029B43704007E4513 /* CKRecord+Ext.swift */ = {isa = PBXFileReference; lastKnownFileType = sourcecode.swift; path = "CKRecord+Ext.swift"; sourceTree = "<group>"; };
		5FEBF62229B437D5007E4513 /* AlertItem.swift */ = {isa = PBXFileReference; lastKnownFileType = sourcecode.swift; path = AlertItem.swift; sourceTree = "<group>"; };
		5FEBF62529B44618007E4513 /* LocationMapViewModel.swift */ = {isa = PBXFileReference; lastKnownFileType = sourcecode.swift; path = LocationMapViewModel.swift; sourceTree = "<group>"; };
		5FEBF62729B44CEA007E4513 /* DDGLocationManager.swift */ = {isa = PBXFileReference; lastKnownFileType = sourcecode.swift; path = DDGLocationManager.swift; sourceTree = "<group>"; };
		5FEBF62929B485A8007E4513 /* CKAsset+Ext.swift */ = {isa = PBXFileReference; lastKnownFileType = sourcecode.swift; path = "CKAsset+Ext.swift"; sourceTree = "<group>"; };
/* End PBXFileReference section */

/* Begin PBXFrameworksBuildPhase section */
		5FEBF5C529B3D44A007E4513 /* Frameworks */ = {
			isa = PBXFrameworksBuildPhase;
			buildActionMask = 2147483647;
			files = (
			);
			runOnlyForDeploymentPostprocessing = 0;
		};
		5FEBF5D529B3D44B007E4513 /* Frameworks */ = {
			isa = PBXFrameworksBuildPhase;
			buildActionMask = 2147483647;
			files = (
			);
			runOnlyForDeploymentPostprocessing = 0;
		};
		5FEBF5DF29B3D44B007E4513 /* Frameworks */ = {
			isa = PBXFrameworksBuildPhase;
			buildActionMask = 2147483647;
			files = (
			);
			runOnlyForDeploymentPostprocessing = 0;
		};
/* End PBXFrameworksBuildPhase section */

/* Begin PBXGroup section */
		5F33158829B684DE0010E2FD /* Map Annotation */ = {
			isa = PBXGroup;
			children = (
				5F33158929B684F10010E2FD /* MapBalloon.swift */,
				5F33158B29B6887E0010E2FD /* DDGMapAnnotation.swift */,
			);
			path = "Map Annotation";
			sourceTree = "<group>";
		};
		5F33158D29B68C3E0010E2FD /* AppTabView */ = {
			isa = PBXGroup;
			children = (
				5F33158E29B68C4F0010E2FD /* AppTabViewModel.swift */,
				5FEBF5F829B3D667007E4513 /* AppTabView.swift */,
			);
			path = AppTabView;
			sourceTree = "<group>";
		};
		5F7F124029B4976700A5F96D /* Buttons */ = {
			isa = PBXGroup;
			children = (
				5FEBF60B29B3FD7A007E4513 /* DDGButton.swift */,
				5F7F124129B4977200A5F96D /* XDismissButton.swift */,
			);
			path = Buttons;
			sourceTree = "<group>";
		};
		5F7F124329B49E2D00A5F96D /* UIKit Components */ = {
			isa = PBXGroup;
			children = (
				5F7F124429B49E4E00A5F96D /* PhotoPicker.swift */,
			);
			path = "UIKit Components";
			sourceTree = "<group>";
		};
		5FBA3DFB29B53998007DE037 /* ProfileView */ = {
			isa = PBXGroup;
			children = (
				5FBA3DFD29B539F7007DE037 /* ProfileViewModel.swift */,
				5FEBF5FE29B3D6DA007E4513 /* ProfileView.swift */,
			);
			path = ProfileView;
			sourceTree = "<group>";
		};
		5FBA3DFC29B539B7007DE037 /* LocationListView */ = {
			isa = PBXGroup;
			children = (
				5FA891D629B5CA01002AD861 /* LocationListViewModel.swift */,
				5FEBF5FC29B3D6CD007E4513 /* LocationListView.swift */,
				5FEBF60329B3F63D007E4513 /* LocationCell.swift */,
			);
			path = LocationListView;
			sourceTree = "<group>";
		};
		5FBA3E0129B55A91007DE037 /* LocationDetailView */ = {
			isa = PBXGroup;
			children = (
				5FBA3E0229B55AB7007DE037 /* LocationDetailViewModel.swift */,
				5FEBF60029B3DDAD007E4513 /* LocationDetailView.swift */,
				5FBA3E0429B56043007DE037 /* ProfileModalView.swift */,
			);
			path = LocationDetailView;
			sourceTree = "<group>";
		};
		5FEBF5BF29B3D44A007E4513 = {
			isa = PBXGroup;
			children = (
				5FEBF5CA29B3D44A007E4513 /* DubDubGrub */,
				5FEBF5DB29B3D44B007E4513 /* DubDubGrubTests */,
				5FEBF5E529B3D44B007E4513 /* DubDubGrubUITests */,
				5FEBF5C929B3D44A007E4513 /* Products */,
			);
			sourceTree = "<group>";
		};
		5FEBF5C929B3D44A007E4513 /* Products */ = {
			isa = PBXGroup;
			children = (
				5FEBF5C829B3D44A007E4513 /* DubDubGrub.app */,
				5FEBF5D829B3D44B007E4513 /* DubDubGrubTests.xctest */,
				5FEBF5E229B3D44B007E4513 /* DubDubGrubUITests.xctest */,
			);
			name = Products;
			sourceTree = "<group>";
		};
		5FEBF5CA29B3D44A007E4513 /* DubDubGrub */ = {
			isa = PBXGroup;
			children = (
				5FEBF61D29B4336D007E4513 /* Utilities */,
				5FEBF61A29B431D2007E4513 /* Managers */,
				5FEBF61329B428D7007E4513 /* Model */,
				5FEBF60E29B3FEB5007E4513 /* Views */,
				5FEBF5F529B3D4B8007E4513 /* DubDubGrub.entitlements */,
				5FEBF60229B3DF48007E4513 /* Info.plist */,
				5FEBF5CF29B3D44B007E4513 /* Assets.xcassets */,
				5FEBF5D129B3D44B007E4513 /* Preview Content */,
				5FEBF5CB29B3D44A007E4513 /* DubDubGrubApp.swift */,
			);
			path = DubDubGrub;
			sourceTree = "<group>";
		};
		5FEBF5D129B3D44B007E4513 /* Preview Content */ = {
			isa = PBXGroup;
			children = (
				5FEBF5D229B3D44B007E4513 /* Preview Assets.xcassets */,
			);
			path = "Preview Content";
			sourceTree = "<group>";
		};
		5FEBF5DB29B3D44B007E4513 /* DubDubGrubTests */ = {
			isa = PBXGroup;
			children = (
				5FEBF5DC29B3D44B007E4513 /* DubDubGrubTests.swift */,
			);
			path = DubDubGrubTests;
			sourceTree = "<group>";
		};
		5FEBF5E529B3D44B007E4513 /* DubDubGrubUITests */ = {
			isa = PBXGroup;
			children = (
				5FEBF5E629B3D44B007E4513 /* DubDubGrubUITests.swift */,
				5FEBF5E829B3D44B007E4513 /* DubDubGrubUITestsLaunchTests.swift */,
			);
			path = DubDubGrubUITests;
			sourceTree = "<group>";
		};
		5FEBF60D29B3FE97007E4513 /* Extensions */ = {
			isa = PBXGroup;
			children = (
				5FEBF60929B3FCB2007E4513 /* View+Ext.swift */,
				5FEBF5F629B3D610007E4513 /* Color+Ext.swift */,
				5FEBF62029B43704007E4513 /* CKRecord+Ext.swift */,
				5FEBF62929B485A8007E4513 /* CKAsset+Ext.swift */,
				5F7F124629B4A7F800A5F96D /* UIImage+Ext.swift */,
			);
			path = Extensions;
			sourceTree = "<group>";
		};
		5FEBF60E29B3FEB5007E4513 /* Views */ = {
			isa = PBXGroup;
			children = (
				5FEBF61229B3FF0D007E4513 /* CustomModifiers */,
				5FEBF61129B3FEF2007E4513 /* CustomViews */,
				5FEBF60F29B3FEC1007E4513 /* Screens */,
			);
			path = Views;
			sourceTree = "<group>";
		};
		5FEBF60F29B3FEC1007E4513 /* Screens */ = {
			isa = PBXGroup;
			children = (
				5FBA3E0129B55A91007DE037 /* LocationDetailView */,
				5F33158D29B68C3E0010E2FD /* AppTabView */,
				5F7F123C29B493B800A5F96D /* OnBoardingView.swift */,
				5FEBF62429B445DF007E4513 /* LocationMapView */,
				5FBA3DFC29B539B7007DE037 /* LocationListView */,
				5FBA3DFB29B53998007DE037 /* ProfileView */,
			);
			path = Screens;
			sourceTree = "<group>";
		};
		5FEBF61129B3FEF2007E4513 /* CustomViews */ = {
			isa = PBXGroup;
			children = (
				5F33158829B684DE0010E2FD /* Map Annotation */,
				5F7F124329B49E2D00A5F96D /* UIKit Components */,
				5F7F124029B4976700A5F96D /* Buttons */,
				5FEBF60529B3F669007E4513 /* AvatarView.swift */,
				5F7F123E29B493F000A5F96D /* LogoView.swift */,
				5FBA3DFF29B54A21007DE037 /* LoadingView.swift */,
			);
			path = CustomViews;
			sourceTree = "<group>";
		};
		5FEBF61229B3FF0D007E4513 /* CustomModifiers */ = {
			isa = PBXGroup;
			children = (
				5FEBF60729B3FC8B007E4513 /* CustomModifiers.swift */,
			);
			path = CustomModifiers;
			sourceTree = "<group>";
		};
		5FEBF61329B428D7007E4513 /* Model */ = {
			isa = PBXGroup;
			children = (
				5FEBF61429B428E5007E4513 /* DDGLocation.swift */,
				5FEBF61629B42CA0007E4513 /* DDGProfile.swift */,
				5FEBF61829B42E43007E4513 /* MockData.swift */,
			);
			path = Model;
			sourceTree = "<group>";
		};
		5FEBF61A29B431D2007E4513 /* Managers */ = {
			isa = PBXGroup;
			children = (
				5FEBF61B29B431E6007E4513 /* DDGCloudKitManager.swift */,
				5FEBF62729B44CEA007E4513 /* DDGLocationManager.swift */,
			);
			path = Managers;
			sourceTree = "<group>";
		};
		5FEBF61D29B4336D007E4513 /* Utilities */ = {
			isa = PBXGroup;
			children = (
				5FEBF61E29B43379007E4513 /* Constants.swift */,
				5FEBF62229B437D5007E4513 /* AlertItem.swift */,
				5FEBF60D29B3FE97007E4513 /* Extensions */,
			);
			path = Utilities;
			sourceTree = "<group>";
		};
		5FEBF62429B445DF007E4513 /* LocationMapView */ = {
			isa = PBXGroup;
			children = (
				5FEBF62529B44618007E4513 /* LocationMapViewModel.swift */,
				5FEBF5FA29B3D6AF007E4513 /* LocationMapView.swift */,
			);
			path = LocationMapView;
			sourceTree = "<group>";
		};
/* End PBXGroup section */

/* Begin PBXNativeTarget section */
		5FEBF5C729B3D44A007E4513 /* DubDubGrub */ = {
			isa = PBXNativeTarget;
			buildConfigurationList = 5FEBF5EC29B3D44B007E4513 /* Build configuration list for PBXNativeTarget "DubDubGrub" */;
			buildPhases = (
				5FEBF5C429B3D44A007E4513 /* Sources */,
				5FEBF5C529B3D44A007E4513 /* Frameworks */,
				5FEBF5C629B3D44A007E4513 /* Resources */,
			);
			buildRules = (
			);
			dependencies = (
			);
			name = DubDubGrub;
			productName = DubDubGrub;
			productReference = 5FEBF5C829B3D44A007E4513 /* DubDubGrub.app */;
			productType = "com.apple.product-type.application";
		};
		5FEBF5D729B3D44B007E4513 /* DubDubGrubTests */ = {
			isa = PBXNativeTarget;
			buildConfigurationList = 5FEBF5EF29B3D44B007E4513 /* Build configuration list for PBXNativeTarget "DubDubGrubTests" */;
			buildPhases = (
				5FEBF5D429B3D44B007E4513 /* Sources */,
				5FEBF5D529B3D44B007E4513 /* Frameworks */,
				5FEBF5D629B3D44B007E4513 /* Resources */,
			);
			buildRules = (
			);
			dependencies = (
				5FEBF5DA29B3D44B007E4513 /* PBXTargetDependency */,
			);
			name = DubDubGrubTests;
			productName = DubDubGrubTests;
			productReference = 5FEBF5D829B3D44B007E4513 /* DubDubGrubTests.xctest */;
			productType = "com.apple.product-type.bundle.unit-test";
		};
		5FEBF5E129B3D44B007E4513 /* DubDubGrubUITests */ = {
			isa = PBXNativeTarget;
			buildConfigurationList = 5FEBF5F229B3D44B007E4513 /* Build configuration list for PBXNativeTarget "DubDubGrubUITests" */;
			buildPhases = (
				5FEBF5DE29B3D44B007E4513 /* Sources */,
				5FEBF5DF29B3D44B007E4513 /* Frameworks */,
				5FEBF5E029B3D44B007E4513 /* Resources */,
			);
			buildRules = (
			);
			dependencies = (
				5FEBF5E429B3D44B007E4513 /* PBXTargetDependency */,
			);
			name = DubDubGrubUITests;
			productName = DubDubGrubUITests;
			productReference = 5FEBF5E229B3D44B007E4513 /* DubDubGrubUITests.xctest */;
			productType = "com.apple.product-type.bundle.ui-testing";
		};
/* End PBXNativeTarget section */

/* Begin PBXProject section */
		5FEBF5C029B3D44A007E4513 /* Project object */ = {
			isa = PBXProject;
			attributes = {
				BuildIndependentTargetsInParallel = 1;
				LastSwiftUpdateCheck = 1420;
				LastUpgradeCheck = 1420;
				TargetAttributes = {
					5FEBF5C729B3D44A007E4513 = {
						CreatedOnToolsVersion = 14.2;
					};
					5FEBF5D729B3D44B007E4513 = {
						CreatedOnToolsVersion = 14.2;
						TestTargetID = 5FEBF5C729B3D44A007E4513;
					};
					5FEBF5E129B3D44B007E4513 = {
						CreatedOnToolsVersion = 14.2;
						TestTargetID = 5FEBF5C729B3D44A007E4513;
					};
				};
			};
			buildConfigurationList = 5FEBF5C329B3D44A007E4513 /* Build configuration list for PBXProject "DubDubGrub" */;
			compatibilityVersion = "Xcode 14.0";
			developmentRegion = en;
			hasScannedForEncodings = 0;
			knownRegions = (
				en,
				Base,
			);
			mainGroup = 5FEBF5BF29B3D44A007E4513;
			productRefGroup = 5FEBF5C929B3D44A007E4513 /* Products */;
			projectDirPath = "";
			projectRoot = "";
			targets = (
				5FEBF5C729B3D44A007E4513 /* DubDubGrub */,
				5FEBF5D729B3D44B007E4513 /* DubDubGrubTests */,
				5FEBF5E129B3D44B007E4513 /* DubDubGrubUITests */,
			);
		};
/* End PBXProject section */

/* Begin PBXResourcesBuildPhase section */
		5FEBF5C629B3D44A007E4513 /* Resources */ = {
			isa = PBXResourcesBuildPhase;
			buildActionMask = 2147483647;
			files = (
				5FEBF5D329B3D44B007E4513 /* Preview Assets.xcassets in Resources */,
				5FEBF5D029B3D44B007E4513 /* Assets.xcassets in Resources */,
			);
			runOnlyForDeploymentPostprocessing = 0;
		};
		5FEBF5D629B3D44B007E4513 /* Resources */ = {
			isa = PBXResourcesBuildPhase;
			buildActionMask = 2147483647;
			files = (
			);
			runOnlyForDeploymentPostprocessing = 0;
		};
		5FEBF5E029B3D44B007E4513 /* Resources */ = {
			isa = PBXResourcesBuildPhase;
			buildActionMask = 2147483647;
			files = (
			);
			runOnlyForDeploymentPostprocessing = 0;
		};
/* End PBXResourcesBuildPhase section */

/* Begin PBXSourcesBuildPhase section */
		5FEBF5C429B3D44A007E4513 /* Sources */ = {
			isa = PBXSourcesBuildPhase;
			buildActionMask = 2147483647;
			files = (
				5FEBF5CC29B3D44A007E4513 /* DubDubGrubApp.swift in Sources */,
				5FEBF61F29B43379007E4513 /* Constants.swift in Sources */,
				5F7F123D29B493B800A5F96D /* OnBoardingView.swift in Sources */,
				5FEBF60829B3FC8B007E4513 /* CustomModifiers.swift in Sources */,
				5FBA3E0329B55AB7007DE037 /* LocationDetailViewModel.swift in Sources */,
				5FEBF5FB29B3D6AF007E4513 /* LocationMapView.swift in Sources */,
				5FEBF62629B44618007E4513 /* LocationMapViewModel.swift in Sources */,
				5FBA3DFE29B539F7007DE037 /* ProfileViewModel.swift in Sources */,
				5FEBF5FD29B3D6CD007E4513 /* LocationListView.swift in Sources */,
				5FEBF61929B42E43007E4513 /* MockData.swift in Sources */,
				5FEBF60129B3DDAD007E4513 /* LocationDetailView.swift in Sources */,
				5F33158F29B68C4F0010E2FD /* AppTabViewModel.swift in Sources */,
				5FEBF61729B42CA0007E4513 /* DDGProfile.swift in Sources */,
				5F7F124529B49E4E00A5F96D /* PhotoPicker.swift in Sources */,
				5FEBF61529B428E5007E4513 /* DDGLocation.swift in Sources */,
				5FEBF5F929B3D667007E4513 /* AppTabView.swift in Sources */,
				5FEBF5FF29B3D6DA007E4513 /* ProfileView.swift in Sources */,
				5F7F123F29B493F000A5F96D /* LogoView.swift in Sources */,
				5F7F124229B4977200A5F96D /* XDismissButton.swift in Sources */,
				5FEBF60A29B3FCB2007E4513 /* View+Ext.swift in Sources */,
				5FEBF62329B437D5007E4513 /* AlertItem.swift in Sources */,
				5FEBF60429B3F63D007E4513 /* LocationCell.swift in Sources */,
				5FBA3E0529B56043007DE037 /* ProfileModalView.swift in Sources */,
				5FEBF61C29B431E6007E4513 /* DDGCloudKitManager.swift in Sources */,
				5FA891D729B5CA01002AD861 /* LocationListViewModel.swift in Sources */,
				5FEBF62129B43704007E4513 /* CKRecord+Ext.swift in Sources */,
				5FEBF60C29B3FD7A007E4513 /* DDGButton.swift in Sources */,
				5FEBF62A29B485A8007E4513 /* CKAsset+Ext.swift in Sources */,
				5F33158A29B684F10010E2FD /* MapBalloon.swift in Sources */,
				5FEBF62829B44CEA007E4513 /* DDGLocationManager.swift in Sources */,
				5FBA3E0029B54A21007DE037 /* LoadingView.swift in Sources */,
				5F7F124729B4A7F800A5F96D /* UIImage+Ext.swift in Sources */,
				5F33158C29B6887E0010E2FD /* DDGMapAnnotation.swift in Sources */,
				5FEBF60629B3F669007E4513 /* AvatarView.swift in Sources */,
				5FEBF5F729B3D610007E4513 /* Color+Ext.swift in Sources */,
			);
			runOnlyForDeploymentPostprocessing = 0;
		};
		5FEBF5D429B3D44B007E4513 /* Sources */ = {
			isa = PBXSourcesBuildPhase;
			buildActionMask = 2147483647;
			files = (
				5FEBF5DD29B3D44B007E4513 /* DubDubGrubTests.swift in Sources */,
			);
			runOnlyForDeploymentPostprocessing = 0;
		};
		5FEBF5DE29B3D44B007E4513 /* Sources */ = {
			isa = PBXSourcesBuildPhase;
			buildActionMask = 2147483647;
			files = (
				5FEBF5E929B3D44B007E4513 /* DubDubGrubUITestsLaunchTests.swift in Sources */,
				5FEBF5E729B3D44B007E4513 /* DubDubGrubUITests.swift in Sources */,
			);
			runOnlyForDeploymentPostprocessing = 0;
		};
/* End PBXSourcesBuildPhase section */

/* Begin PBXTargetDependency section */
		5FEBF5DA29B3D44B007E4513 /* PBXTargetDependency */ = {
			isa = PBXTargetDependency;
			target = 5FEBF5C729B3D44A007E4513 /* DubDubGrub */;
			targetProxy = 5FEBF5D929B3D44B007E4513 /* PBXContainerItemProxy */;
		};
		5FEBF5E429B3D44B007E4513 /* PBXTargetDependency */ = {
			isa = PBXTargetDependency;
			target = 5FEBF5C729B3D44A007E4513 /* DubDubGrub */;
			targetProxy = 5FEBF5E329B3D44B007E4513 /* PBXContainerItemProxy */;
		};
/* End PBXTargetDependency section */

/* Begin XCBuildConfiguration section */
		5FEBF5EA29B3D44B007E4513 /* Debug */ = {
			isa = XCBuildConfiguration;
			buildSettings = {
				ALWAYS_SEARCH_USER_PATHS = NO;
				CLANG_ANALYZER_NONNULL = YES;
				CLANG_ANALYZER_NUMBER_OBJECT_CONVERSION = YES_AGGRESSIVE;
				CLANG_CXX_LANGUAGE_STANDARD = "gnu++20";
				CLANG_ENABLE_MODULES = YES;
				CLANG_ENABLE_OBJC_ARC = YES;
				CLANG_ENABLE_OBJC_WEAK = YES;
				CLANG_WARN_BLOCK_CAPTURE_AUTORELEASING = YES;
				CLANG_WARN_BOOL_CONVERSION = YES;
				CLANG_WARN_COMMA = YES;
				CLANG_WARN_CONSTANT_CONVERSION = YES;
				CLANG_WARN_DEPRECATED_OBJC_IMPLEMENTATIONS = YES;
				CLANG_WARN_DIRECT_OBJC_ISA_USAGE = YES_ERROR;
				CLANG_WARN_DOCUMENTATION_COMMENTS = YES;
				CLANG_WARN_EMPTY_BODY = YES;
				CLANG_WARN_ENUM_CONVERSION = YES;
				CLANG_WARN_INFINITE_RECURSION = YES;
				CLANG_WARN_INT_CONVERSION = YES;
				CLANG_WARN_NON_LITERAL_NULL_CONVERSION = YES;
				CLANG_WARN_OBJC_IMPLICIT_RETAIN_SELF = YES;
				CLANG_WARN_OBJC_LITERAL_CONVERSION = YES;
				CLANG_WARN_OBJC_ROOT_CLASS = YES_ERROR;
				CLANG_WARN_QUOTED_INCLUDE_IN_FRAMEWORK_HEADER = YES;
				CLANG_WARN_RANGE_LOOP_ANALYSIS = YES;
				CLANG_WARN_STRICT_PROTOTYPES = YES;
				CLANG_WARN_SUSPICIOUS_MOVE = YES;
				CLANG_WARN_UNGUARDED_AVAILABILITY = YES_AGGRESSIVE;
				CLANG_WARN_UNREACHABLE_CODE = YES;
				CLANG_WARN__DUPLICATE_METHOD_MATCH = YES;
				COPY_PHASE_STRIP = NO;
				DEBUG_INFORMATION_FORMAT = dwarf;
				ENABLE_STRICT_OBJC_MSGSEND = YES;
				ENABLE_TESTABILITY = YES;
				GCC_C_LANGUAGE_STANDARD = gnu11;
				GCC_DYNAMIC_NO_PIC = NO;
				GCC_NO_COMMON_BLOCKS = YES;
				GCC_OPTIMIZATION_LEVEL = 0;
				GCC_PREPROCESSOR_DEFINITIONS = (
					"DEBUG=1",
					"$(inherited)",
				);
				GCC_WARN_64_TO_32_BIT_CONVERSION = YES;
				GCC_WARN_ABOUT_RETURN_TYPE = YES_ERROR;
				GCC_WARN_UNDECLARED_SELECTOR = YES;
				GCC_WARN_UNINITIALIZED_AUTOS = YES_AGGRESSIVE;
				GCC_WARN_UNUSED_FUNCTION = YES;
				GCC_WARN_UNUSED_VARIABLE = YES;
				IPHONEOS_DEPLOYMENT_TARGET = 16.2;
				MTL_ENABLE_DEBUG_INFO = INCLUDE_SOURCE;
				MTL_FAST_MATH = YES;
				ONLY_ACTIVE_ARCH = YES;
				SDKROOT = iphoneos;
				SWIFT_ACTIVE_COMPILATION_CONDITIONS = DEBUG;
				SWIFT_OPTIMIZATION_LEVEL = "-Onone";
			};
			name = Debug;
		};
		5FEBF5EB29B3D44B007E4513 /* Release */ = {
			isa = XCBuildConfiguration;
			buildSettings = {
				ALWAYS_SEARCH_USER_PATHS = NO;
				CLANG_ANALYZER_NONNULL = YES;
				CLANG_ANALYZER_NUMBER_OBJECT_CONVERSION = YES_AGGRESSIVE;
				CLANG_CXX_LANGUAGE_STANDARD = "gnu++20";
				CLANG_ENABLE_MODULES = YES;
				CLANG_ENABLE_OBJC_ARC = YES;
				CLANG_ENABLE_OBJC_WEAK = YES;
				CLANG_WARN_BLOCK_CAPTURE_AUTORELEASING = YES;
				CLANG_WARN_BOOL_CONVERSION = YES;
				CLANG_WARN_COMMA = YES;
				CLANG_WARN_CONSTANT_CONVERSION = YES;
				CLANG_WARN_DEPRECATED_OBJC_IMPLEMENTATIONS = YES;
				CLANG_WARN_DIRECT_OBJC_ISA_USAGE = YES_ERROR;
				CLANG_WARN_DOCUMENTATION_COMMENTS = YES;
				CLANG_WARN_EMPTY_BODY = YES;
				CLANG_WARN_ENUM_CONVERSION = YES;
				CLANG_WARN_INFINITE_RECURSION = YES;
				CLANG_WARN_INT_CONVERSION = YES;
				CLANG_WARN_NON_LITERAL_NULL_CONVERSION = YES;
				CLANG_WARN_OBJC_IMPLICIT_RETAIN_SELF = YES;
				CLANG_WARN_OBJC_LITERAL_CONVERSION = YES;
				CLANG_WARN_OBJC_ROOT_CLASS = YES_ERROR;
				CLANG_WARN_QUOTED_INCLUDE_IN_FRAMEWORK_HEADER = YES;
				CLANG_WARN_RANGE_LOOP_ANALYSIS = YES;
				CLANG_WARN_STRICT_PROTOTYPES = YES;
				CLANG_WARN_SUSPICIOUS_MOVE = YES;
				CLANG_WARN_UNGUARDED_AVAILABILITY = YES_AGGRESSIVE;
				CLANG_WARN_UNREACHABLE_CODE = YES;
				CLANG_WARN__DUPLICATE_METHOD_MATCH = YES;
				COPY_PHASE_STRIP = NO;
				DEBUG_INFORMATION_FORMAT = "dwarf-with-dsym";
				ENABLE_NS_ASSERTIONS = NO;
				ENABLE_STRICT_OBJC_MSGSEND = YES;
				GCC_C_LANGUAGE_STANDARD = gnu11;
				GCC_NO_COMMON_BLOCKS = YES;
				GCC_WARN_64_TO_32_BIT_CONVERSION = YES;
				GCC_WARN_ABOUT_RETURN_TYPE = YES_ERROR;
				GCC_WARN_UNDECLARED_SELECTOR = YES;
				GCC_WARN_UNINITIALIZED_AUTOS = YES_AGGRESSIVE;
				GCC_WARN_UNUSED_FUNCTION = YES;
				GCC_WARN_UNUSED_VARIABLE = YES;
				IPHONEOS_DEPLOYMENT_TARGET = 16.2;
				MTL_ENABLE_DEBUG_INFO = NO;
				MTL_FAST_MATH = YES;
				SDKROOT = iphoneos;
				SWIFT_COMPILATION_MODE = wholemodule;
				SWIFT_OPTIMIZATION_LEVEL = "-O";
				VALIDATE_PRODUCT = YES;
			};
			name = Release;
		};
		5FEBF5ED29B3D44B007E4513 /* Debug */ = {
			isa = XCBuildConfiguration;
			buildSettings = {
				ASSETCATALOG_COMPILER_APPICON_NAME = AppIcon;
				ASSETCATALOG_COMPILER_GLOBAL_ACCENT_COLOR_NAME = AccentColor;
				CODE_SIGN_ENTITLEMENTS = DubDubGrub/DubDubGrub.entitlements;
				CODE_SIGN_STYLE = Automatic;
				CURRENT_PROJECT_VERSION = 1;
				DEVELOPMENT_ASSET_PATHS = "\"DubDubGrub/Preview Content\"";
				DEVELOPMENT_TEAM = PWZT8E272V;
				ENABLE_PREVIEWS = YES;
				GENERATE_INFOPLIST_FILE = YES;
				INFOPLIST_FILE = DubDubGrub/Info.plist;
				INFOPLIST_KEY_NSLocationWhenInUseUsageDescription = "Dub Dub Grub uses your location to show where you are on the map.";
				INFOPLIST_KEY_UIApplicationSupportsIndirectInputEvents = YES;
				INFOPLIST_KEY_UILaunchScreen_Generation = YES;
				INFOPLIST_KEY_UISupportedInterfaceOrientations_iPad = "UIInterfaceOrientationPortrait UIInterfaceOrientationPortraitUpsideDown UIInterfaceOrientationLandscapeLeft UIInterfaceOrientationLandscapeRight";
				INFOPLIST_KEY_UISupportedInterfaceOrientations_iPhone = "UIInterfaceOrientationPortrait UIInterfaceOrientationLandscapeLeft UIInterfaceOrientationLandscapeRight";
				LD_RUNPATH_SEARCH_PATHS = (
					"$(inherited)",
					"@executable_path/Frameworks",
				);
				MARKETING_VERSION = 1.0;
				PRODUCT_BUNDLE_IDENTIFIER = didarnaurzbayev.DubDubGrub;
				PRODUCT_NAME = "$(TARGET_NAME)";
				SWIFT_EMIT_LOC_STRINGS = YES;
				SWIFT_VERSION = 5.0;
				TARGETED_DEVICE_FAMILY = "1,2";
			};
			name = Debug;
		};
		5FEBF5EE29B3D44B007E4513 /* Release */ = {
			isa = XCBuildConfiguration;
			buildSettings = {
				ASSETCATALOG_COMPILER_APPICON_NAME = AppIcon;
				ASSETCATALOG_COMPILER_GLOBAL_ACCENT_COLOR_NAME = AccentColor;
				CODE_SIGN_ENTITLEMENTS = DubDubGrub/DubDubGrub.entitlements;
				CODE_SIGN_STYLE = Automatic;
				CURRENT_PROJECT_VERSION = 1;
				DEVELOPMENT_ASSET_PATHS = "\"DubDubGrub/Preview Content\"";
				DEVELOPMENT_TEAM = PWZT8E272V;
				ENABLE_PREVIEWS = YES;
				GENERATE_INFOPLIST_FILE = YES;
				INFOPLIST_FILE = DubDubGrub/Info.plist;
				INFOPLIST_KEY_NSLocationWhenInUseUsageDescription = "Dub Dub Grub uses your location to show where you are on the map.";
				INFOPLIST_KEY_UIApplicationSupportsIndirectInputEvents = YES;
				INFOPLIST_KEY_UILaunchScreen_Generation = YES;
				INFOPLIST_KEY_UISupportedInterfaceOrientations_iPad = "UIInterfaceOrientationPortrait UIInterfaceOrientationPortraitUpsideDown UIInterfaceOrientationLandscapeLeft UIInterfaceOrientationLandscapeRight";
				INFOPLIST_KEY_UISupportedInterfaceOrientations_iPhone = "UIInterfaceOrientationPortrait UIInterfaceOrientationLandscapeLeft UIInterfaceOrientationLandscapeRight";
				LD_RUNPATH_SEARCH_PATHS = (
					"$(inherited)",
					"@executable_path/Frameworks",
				);
				MARKETING_VERSION = 1.0;
				PRODUCT_BUNDLE_IDENTIFIER = didarnaurzbayev.DubDubGrub;
				PRODUCT_NAME = "$(TARGET_NAME)";
				SWIFT_EMIT_LOC_STRINGS = YES;
				SWIFT_VERSION = 5.0;
				TARGETED_DEVICE_FAMILY = "1,2";
			};
			name = Release;
		};
		5FEBF5F029B3D44B007E4513 /* Debug */ = {
			isa = XCBuildConfiguration;
			buildSettings = {
				ALWAYS_EMBED_SWIFT_STANDARD_LIBRARIES = YES;
				BUNDLE_LOADER = "$(TEST_HOST)";
				CODE_SIGN_STYLE = Automatic;
				CURRENT_PROJECT_VERSION = 1;
				DEVELOPMENT_TEAM = PWZT8E272V;
				GENERATE_INFOPLIST_FILE = YES;
				IPHONEOS_DEPLOYMENT_TARGET = 16.2;
				MARKETING_VERSION = 1.0;
				PRODUCT_BUNDLE_IDENTIFIER = didarnaurzbayev.DubDubGrubTests;
				PRODUCT_NAME = "$(TARGET_NAME)";
				SWIFT_EMIT_LOC_STRINGS = NO;
				SWIFT_VERSION = 5.0;
				TARGETED_DEVICE_FAMILY = "1,2";
				TEST_HOST = "$(BUILT_PRODUCTS_DIR)/DubDubGrub.app/$(BUNDLE_EXECUTABLE_FOLDER_PATH)/DubDubGrub";
			};
			name = Debug;
		};
		5FEBF5F129B3D44B007E4513 /* Release */ = {
			isa = XCBuildConfiguration;
			buildSettings = {
				ALWAYS_EMBED_SWIFT_STANDARD_LIBRARIES = YES;
				BUNDLE_LOADER = "$(TEST_HOST)";
				CODE_SIGN_STYLE = Automatic;
				CURRENT_PROJECT_VERSION = 1;
				DEVELOPMENT_TEAM = PWZT8E272V;
				GENERATE_INFOPLIST_FILE = YES;
				IPHONEOS_DEPLOYMENT_TARGET = 16.2;
				MARKETING_VERSION = 1.0;
				PRODUCT_BUNDLE_IDENTIFIER = didarnaurzbayev.DubDubGrubTests;
				PRODUCT_NAME = "$(TARGET_NAME)";
				SWIFT_EMIT_LOC_STRINGS = NO;
				SWIFT_VERSION = 5.0;
				TARGETED_DEVICE_FAMILY = "1,2";
				TEST_HOST = "$(BUILT_PRODUCTS_DIR)/DubDubGrub.app/$(BUNDLE_EXECUTABLE_FOLDER_PATH)/DubDubGrub";
			};
			name = Release;
		};
		5FEBF5F329B3D44B007E4513 /* Debug */ = {
			isa = XCBuildConfiguration;
			buildSettings = {
				ALWAYS_EMBED_SWIFT_STANDARD_LIBRARIES = YES;
				CODE_SIGN_STYLE = Automatic;
				CURRENT_PROJECT_VERSION = 1;
				DEVELOPMENT_TEAM = PWZT8E272V;
				GENERATE_INFOPLIST_FILE = YES;
				MARKETING_VERSION = 1.0;
				PRODUCT_BUNDLE_IDENTIFIER = didarnaurzbayev.DubDubGrubUITests;
				PRODUCT_NAME = "$(TARGET_NAME)";
				SWIFT_EMIT_LOC_STRINGS = NO;
				SWIFT_VERSION = 5.0;
				TARGETED_DEVICE_FAMILY = "1,2";
				TEST_TARGET_NAME = DubDubGrub;
			};
			name = Debug;
		};
		5FEBF5F429B3D44B007E4513 /* Release */ = {
			isa = XCBuildConfiguration;
			buildSettings = {
				ALWAYS_EMBED_SWIFT_STANDARD_LIBRARIES = YES;
				CODE_SIGN_STYLE = Automatic;
				CURRENT_PROJECT_VERSION = 1;
				DEVELOPMENT_TEAM = PWZT8E272V;
				GENERATE_INFOPLIST_FILE = YES;
				MARKETING_VERSION = 1.0;
				PRODUCT_BUNDLE_IDENTIFIER = didarnaurzbayev.DubDubGrubUITests;
				PRODUCT_NAME = "$(TARGET_NAME)";
				SWIFT_EMIT_LOC_STRINGS = NO;
				SWIFT_VERSION = 5.0;
				TARGETED_DEVICE_FAMILY = "1,2";
				TEST_TARGET_NAME = DubDubGrub;
			};
			name = Release;
		};
/* End XCBuildConfiguration section */

/* Begin XCConfigurationList section */
		5FEBF5C329B3D44A007E4513 /* Build configuration list for PBXProject "DubDubGrub" */ = {
			isa = XCConfigurationList;
			buildConfigurations = (
				5FEBF5EA29B3D44B007E4513 /* Debug */,
				5FEBF5EB29B3D44B007E4513 /* Release */,
			);
			defaultConfigurationIsVisible = 0;
			defaultConfigurationName = Release;
		};
		5FEBF5EC29B3D44B007E4513 /* Build configuration list for PBXNativeTarget "DubDubGrub" */ = {
			isa = XCConfigurationList;
			buildConfigurations = (
				5FEBF5ED29B3D44B007E4513 /* Debug */,
				5FEBF5EE29B3D44B007E4513 /* Release */,
			);
			defaultConfigurationIsVisible = 0;
			defaultConfigurationName = Release;
		};
		5FEBF5EF29B3D44B007E4513 /* Build configuration list for PBXNativeTarget "DubDubGrubTests" */ = {
			isa = XCConfigurationList;
			buildConfigurations = (
				5FEBF5F029B3D44B007E4513 /* Debug */,
				5FEBF5F129B3D44B007E4513 /* Release */,
			);
			defaultConfigurationIsVisible = 0;
			defaultConfigurationName = Release;
		};
		5FEBF5F229B3D44B007E4513 /* Build configuration list for PBXNativeTarget "DubDubGrubUITests" */ = {
			isa = XCConfigurationList;
			buildConfigurations = (
				5FEBF5F329B3D44B007E4513 /* Debug */,
				5FEBF5F429B3D44B007E4513 /* Release */,
			);
			defaultConfigurationIsVisible = 0;
			defaultConfigurationName = Release;
		};
/* End XCConfigurationList section */
	};
	rootObject = 5FEBF5C029B3D44A007E4513 /* Project object */;
}
